
Microsoft Visual Studio Solution File, Format Version 12.00
# Visual Studio Version 17
VisualStudioVersion = 17.0.32014.148
MinimumVisualStudioVersion = 10.0.40219.1
Project("{FAE04EC0-301F-11D3-BF4B-00C04F79EFBC}") = "ArcGISMobile", "ArcGISMobile\ArcGISMobile\ArcGISMobile.csproj", "{413670B0-6624-41A6-92EA-87854B40E751}"
EndProject
Project("{FAE04EC0-301F-11D3-BF4B-00C04F79EFBC}") = "ArcGISMobile.iOS", "ArcGISMobile\ArcGISMobile.iOS\ArcGISMobile.iOS.csproj", "{676C9E64-8E59-4BD0-B5DE-DB592605585E}"
EndProject
Project("{FAE04EC0-301F-11D3-BF4B-00C04F79EFBC}") = "ArcGISMobile.Android", "ArcGISMobile\ArcGISMobile.Android\ArcGISMobile.Android.csproj", "{228B86F5-8A1C-4D47-833C-325874F73C60}"
EndProject
Project("{FAE04EC0-301F-11D3-BF4B-00C04F79EFBC}") = "ArcGISMobile.UWP", "ArcGISMobile\ArcGISMobile.UWP\ArcGISMobile.UWP.csproj", "{87BA3456-8CBA-4A73-B7BE-4D827583A8A6}"
EndProject
Global
	GlobalSection(SolutionConfigurationPlatforms) = preSolution
		Ad-Hoc|Any CPU = Ad-Hoc|Any CPU
		Ad-Hoc|ARM = Ad-Hoc|ARM
		Ad-Hoc|ARM64 = Ad-Hoc|ARM64
		Ad-Hoc|iPhone = Ad-Hoc|iPhone
		Ad-Hoc|iPhoneSimulator = Ad-Hoc|iPhoneSimulator
		Ad-Hoc|x64 = Ad-Hoc|x64
		Ad-Hoc|x86 = Ad-Hoc|x86
		AppStore|Any CPU = AppStore|Any CPU
		AppStore|ARM = AppStore|ARM
		AppStore|ARM64 = AppStore|ARM64
		AppStore|iPhone = AppStore|iPhone
		AppStore|iPhoneSimulator = AppStore|iPhoneSimulator
		AppStore|x64 = AppStore|x64
		AppStore|x86 = AppStore|x86
		Debug|Any CPU = Debug|Any CPU
		Debug|ARM = Debug|ARM
		Debug|ARM64 = Debug|ARM64
		Debug|iPhone = Debug|iPhone
		Debug|iPhoneSimulator = Debug|iPhoneSimulator
		Debug|x64 = Debug|x64
		Debug|x86 = Debug|x86
		Release|Any CPU = Release|Any CPU
		Release|ARM = Release|ARM
		Release|ARM64 = Release|ARM64
		Release|iPhone = Release|iPhone
		Release|iPhoneSimulator = Release|iPhoneSimulator
		Release|x64 = Release|x64
		Release|x86 = Release|x86
	EndGlobalSection
	GlobalSection(ProjectConfigurationPlatforms) = postSolution
		{413670B0-6624-41A6-92EA-87854B40E751}.Ad-Hoc|Any CPU.ActiveCfg = Debug|Any CPU
		{413670B0-6624-41A6-92EA-87854B40E751}.Ad-Hoc|Any CPU.Build.0 = Debug|Any CPU
		{413670B0-6624-41A6-92EA-87854B40E751}.Ad-Hoc|ARM.ActiveCfg = Debug|Any CPU
		{413670B0-6624-41A6-92EA-87854B40E751}.Ad-Hoc|ARM.Build.0 = Debug|Any CPU
		{413670B0-6624-41A6-92EA-87854B40E751}.Ad-Hoc|ARM64.ActiveCfg = Debug|Any CPU
		{413670B0-6624-41A6-92EA-87854B40E751}.Ad-Hoc|ARM64.Build.0 = Debug|Any CPU
		{413670B0-6624-41A6-92EA-87854B40E751}.Ad-Hoc|iPhone.ActiveCfg = Debug|Any CPU
		{413670B0-6624-41A6-92EA-87854B40E751}.Ad-Hoc|iPhone.Build.0 = Debug|Any CPU
		{413670B0-6624-41A6-92EA-87854B40E751}.Ad-Hoc|iPhoneSimulator.ActiveCfg = Debug|Any CPU
		{413670B0-6624-41A6-92EA-87854B40E751}.Ad-Hoc|iPhoneSimulator.Build.0 = Debug|Any CPU
		{413670B0-6624-41A6-92EA-87854B40E751}.Ad-Hoc|x64.ActiveCfg = Debug|Any CPU
		{413670B0-6624-41A6-92EA-87854B40E751}.Ad-Hoc|x64.Build.0 = Debug|Any CPU
		{413670B0-6624-41A6-92EA-87854B40E751}.Ad-Hoc|x86.ActiveCfg = Debug|Any CPU
		{413670B0-6624-41A6-92EA-87854B40E751}.Ad-Hoc|x86.Build.0 = Debug|Any CPU
		{413670B0-6624-41A6-92EA-87854B40E751}.AppStore|Any CPU.ActiveCfg = Debug|Any CPU
		{413670B0-6624-41A6-92EA-87854B40E751}.AppStore|Any CPU.Build.0 = Debug|Any CPU
		{413670B0-6624-41A6-92EA-87854B40E751}.AppStore|ARM.ActiveCfg = Debug|Any CPU
		{413670B0-6624-41A6-92EA-87854B40E751}.AppStore|ARM.Build.0 = Debug|Any CPU
		{413670B0-6624-41A6-92EA-87854B40E751}.AppStore|ARM64.ActiveCfg = Debug|Any CPU
		{413670B0-6624-41A6-92EA-87854B40E751}.AppStore|ARM64.Build.0 = Debug|Any CPU
		{413670B0-6624-41A6-92EA-87854B40E751}.AppStore|iPhone.ActiveCfg = Debug|Any CPU
		{413670B0-6624-41A6-92EA-87854B40E751}.AppStore|iPhone.Build.0 = Debug|Any CPU
		{413670B0-6624-41A6-92EA-87854B40E751}.AppStore|iPhoneSimulator.ActiveCfg = Debug|Any CPU
		{413670B0-6624-41A6-92EA-87854B40E751}.AppStore|iPhoneSimulator.Build.0 = Debug|Any CPU
		{413670B0-6624-41A6-92EA-87854B40E751}.AppStore|x64.ActiveCfg = Debug|Any CPU
		{413670B0-6624-41A6-92EA-87854B40E751}.AppStore|x64.Build.0 = Debug|Any CPU
		{413670B0-6624-41A6-92EA-87854B40E751}.AppStore|x86.ActiveCfg = Debug|Any CPU
		{413670B0-6624-41A6-92EA-87854B40E751}.AppStore|x86.Build.0 = Debug|Any CPU
		{413670B0-6624-41A6-92EA-87854B40E751}.Debug|Any CPU.ActiveCfg = Debug|Any CPU
		{413670B0-6624-41A6-92EA-87854B40E751}.Debug|Any CPU.Build.0 = Debug|Any CPU
		{413670B0-6624-41A6-92EA-87854B40E751}.Debug|ARM.ActiveCfg = Debug|Any CPU
		{413670B0-6624-41A6-92EA-87854B40E751}.Debug|ARM.Build.0 = Debug|Any CPU
		{413670B0-6624-41A6-92EA-87854B40E751}.Debug|ARM64.ActiveCfg = Debug|Any CPU
		{413670B0-6624-41A6-92EA-87854B40E751}.Debug|ARM64.Build.0 = Debug|Any CPU
		{413670B0-6624-41A6-92EA-87854B40E751}.Debug|iPhone.ActiveCfg = Debug|Any CPU
		{413670B0-6624-41A6-92EA-87854B40E751}.Debug|iPhone.Build.0 = Debug|Any CPU
		{413670B0-6624-41A6-92EA-87854B40E751}.Debug|iPhoneSimulator.ActiveCfg = Debug|Any CPU
		{413670B0-6624-41A6-92EA-87854B40E751}.Debug|iPhoneSimulator.Build.0 = Debug|Any CPU
		{413670B0-6624-41A6-92EA-87854B40E751}.Debug|x64.ActiveCfg = Debug|Any CPU
		{413670B0-6624-41A6-92EA-87854B40E751}.Debug|x64.Build.0 = Debug|Any CPU
		{413670B0-6624-41A6-92EA-87854B40E751}.Debug|x86.ActiveCfg = Debug|Any CPU
		{413670B0-6624-41A6-92EA-87854B40E751}.Debug|x86.Build.0 = Debug|Any CPU
		{413670B0-6624-41A6-92EA-87854B40E751}.Release|Any CPU.ActiveCfg = Release|Any CPU
		{413670B0-6624-41A6-92EA-87854B40E751}.Release|Any CPU.Build.0 = Release|Any CPU
		{413670B0-6624-41A6-92EA-87854B40E751}.Release|ARM.ActiveCfg = Release|Any CPU
		{413670B0-6624-41A6-92EA-87854B40E751}.Release|ARM.Build.0 = Release|Any CPU
		{413670B0-6624-41A6-92EA-87854B40E751}.Release|ARM64.ActiveCfg = Release|Any CPU
		{413670B0-6624-41A6-92EA-87854B40E751}.Release|ARM64.Build.0 = Release|Any CPU
		{413670B0-6624-41A6-92EA-87854B40E751}.Release|iPhone.ActiveCfg = Release|Any CPU
		{413670B0-6624-41A6-92EA-87854B40E751}.Release|iPhone.Build.0 = Release|Any CPU
		{413670B0-6624-41A6-92EA-87854B40E751}.Release|iPhoneSimulator.ActiveCfg = Release|Any CPU
		{413670B0-6624-41A6-92EA-87854B40E751}.Release|iPhoneSimulator.Build.0 = Release|Any CPU
		{413670B0-6624-41A6-92EA-87854B40E751}.Release|x64.ActiveCfg = Release|Any CPU
		{413670B0-6624-41A6-92EA-87854B40E751}.Release|x64.Build.0 = Release|Any CPU
		{413670B0-6624-41A6-92EA-87854B40E751}.Release|x86.ActiveCfg = Release|Any CPU
		{413670B0-6624-41A6-92EA-87854B40E751}.Release|x86.Build.0 = Release|Any CPU
		{676C9E64-8E59-4BD0-B5DE-DB592605585E}.Ad-Hoc|Any CPU.ActiveCfg = Ad-Hoc|iPhoneSimulator
		{676C9E64-8E59-4BD0-B5DE-DB592605585E}.Ad-Hoc|Any CPU.Build.0 = Ad-Hoc|iPhoneSimulator
		{676C9E64-8E59-4BD0-B5DE-DB592605585E}.Ad-Hoc|ARM.ActiveCfg = Ad-Hoc|iPhoneSimulator
		{676C9E64-8E59-4BD0-B5DE-DB592605585E}.Ad-Hoc|ARM.Build.0 = Ad-Hoc|iPhoneSimulator
		{676C9E64-8E59-4BD0-B5DE-DB592605585E}.Ad-Hoc|ARM64.ActiveCfg = Ad-Hoc|iPhoneSimulator
		{676C9E64-8E59-4BD0-B5DE-DB592605585E}.Ad-Hoc|ARM64.Build.0 = Ad-Hoc|iPhoneSimulator
		{676C9E64-8E59-4BD0-B5DE-DB592605585E}.Ad-Hoc|iPhone.ActiveCfg = Ad-Hoc|iPhone
		{676C9E64-8E59-4BD0-B5DE-DB592605585E}.Ad-Hoc|iPhone.Build.0 = Ad-Hoc|iPhone
		{676C9E64-8E59-4BD0-B5DE-DB592605585E}.Ad-Hoc|iPhoneSimulator.ActiveCfg = Ad-Hoc|iPhoneSimulator
		{676C9E64-8E59-4BD0-B5DE-DB592605585E}.Ad-Hoc|iPhoneSimulator.Build.0 = Ad-Hoc|iPhoneSimulator
		{676C9E64-8E59-4BD0-B5DE-DB592605585E}.Ad-Hoc|x64.ActiveCfg = Ad-Hoc|iPhoneSimulator
		{676C9E64-8E59-4BD0-B5DE-DB592605585E}.Ad-Hoc|x64.Build.0 = Ad-Hoc|iPhoneSimulator
		{676C9E64-8E59-4BD0-B5DE-DB592605585E}.Ad-Hoc|x86.ActiveCfg = Ad-Hoc|iPhoneSimulator
		{676C9E64-8E59-4BD0-B5DE-DB592605585E}.Ad-Hoc|x86.Build.0 = Ad-Hoc|iPhoneSimulator
		{676C9E64-8E59-4BD0-B5DE-DB592605585E}.AppStore|Any CPU.ActiveCfg = AppStore|iPhoneSimulator
		{676C9E64-8E59-4BD0-B5DE-DB592605585E}.AppStore|Any CPU.Build.0 = AppStore|iPhoneSimulator
		{676C9E64-8E59-4BD0-B5DE-DB592605585E}.AppStore|ARM.ActiveCfg = AppStore|iPhoneSimulator
		{676C9E64-8E59-4BD0-B5DE-DB592605585E}.AppStore|ARM.Build.0 = AppStore|iPhoneSimulator
		{676C9E64-8E59-4BD0-B5DE-DB592605585E}.AppStore|ARM64.ActiveCfg = AppStore|iPhoneSimulator
		{676C9E64-8E59-4BD0-B5DE-DB592605585E}.AppStore|ARM64.Build.0 = AppStore|iPhoneSimulator
		{676C9E64-8E59-4BD0-B5DE-DB592605585E}.AppStore|iPhone.ActiveCfg = AppStore|iPhone
		{676C9E64-8E59-4BD0-B5DE-DB592605585E}.AppStore|iPhone.Build.0 = AppStore|iPhone
		{676C9E64-8E59-4BD0-B5DE-DB592605585E}.AppStore|iPhoneSimulator.ActiveCfg = AppStore|iPhoneSimulator
		{676C9E64-8E59-4BD0-B5DE-DB592605585E}.AppStore|iPhoneSimulator.Build.0 = AppStore|iPhoneSimulator
		{676C9E64-8E59-4BD0-B5DE-DB592605585E}.AppStore|x64.ActiveCfg = AppStore|iPhoneSimulator
		{676C9E64-8E59-4BD0-B5DE-DB592605585E}.AppStore|x64.Build.0 = AppStore|iPhoneSimulator
		{676C9E64-8E59-4BD0-B5DE-DB592605585E}.AppStore|x86.ActiveCfg = AppStore|iPhoneSimulator
		{676C9E64-8E59-4BD0-B5DE-DB592605585E}.AppStore|x86.Build.0 = AppStore|iPhoneSimulator
		{676C9E64-8E59-4BD0-B5DE-DB592605585E}.Debug|Any CPU.ActiveCfg = Debug|iPhoneSimulator
		{676C9E64-8E59-4BD0-B5DE-DB592605585E}.Debug|Any CPU.Build.0 = Debug|iPhoneSimulator
		{676C9E64-8E59-4BD0-B5DE-DB592605585E}.Debug|ARM.ActiveCfg = Debug|iPhoneSimulator
		{676C9E64-8E59-4BD0-B5DE-DB592605585E}.Debug|ARM.Build.0 = Debug|iPhoneSimulator
		{676C9E64-8E59-4BD0-B5DE-DB592605585E}.Debug|ARM64.ActiveCfg = Debug|iPhoneSimulator
		{676C9E64-8E59-4BD0-B5DE-DB592605585E}.Debug|ARM64.Build.0 = Debug|iPhoneSimulator
		{676C9E64-8E59-4BD0-B5DE-DB592605585E}.Debug|iPhone.ActiveCfg = Debug|iPhone
		{676C9E64-8E59-4BD0-B5DE-DB592605585E}.Debug|iPhone.Build.0 = Debug|iPhone
		{676C9E64-8E59-4BD0-B5DE-DB592605585E}.Debug|iPhoneSimulator.ActiveCfg = Debug|iPhoneSimulator
		{676C9E64-8E59-4BD0-B5DE-DB592605585E}.Debug|iPhoneSimulator.Build.0 = Debug|iPhoneSimulator
		{676C9E64-8E59-4BD0-B5DE-DB592605585E}.Debug|x64.ActiveCfg = Debug|iPhoneSimulator
		{676C9E64-8E59-4BD0-B5DE-DB592605585E}.Debug|x64.Build.0 = Debug|iPhoneSimulator
		{676C9E64-8E59-4BD0-B5DE-DB592605585E}.Debug|x86.ActiveCfg = Debug|iPhoneSimulator
		{676C9E64-8E59-4BD0-B5DE-DB592605585E}.Debug|x86.Build.0 = Debug|iPhoneSimulator
		{676C9E64-8E59-4BD0-B5DE-DB592605585E}.Release|Any CPU.ActiveCfg = Release|iPhoneSimulator
		{676C9E64-8E59-4BD0-B5DE-DB592605585E}.Release|Any CPU.Build.0 = Release|iPhoneSimulator
		{676C9E64-8E59-4BD0-B5DE-DB592605585E}.Release|ARM.ActiveCfg = Release|iPhoneSimulator
		{676C9E64-8E59-4BD0-B5DE-DB592605585E}.Release|ARM.Build.0 = Release|iPhoneSimulator
		{676C9E64-8E59-4BD0-B5DE-DB592605585E}.Release|ARM64.ActiveCfg = Release|iPhoneSimulator
		{676C9E64-8E59-4BD0-B5DE-DB592605585E}.Release|ARM64.Build.0 = Release|iPhoneSimulator
		{676C9E64-8E59-4BD0-B5DE-DB592605585E}.Release|iPhone.ActiveCfg = Release|iPhone
		{676C9E64-8E59-4BD0-B5DE-DB592605585E}.Release|iPhone.Build.0 = Release|iPhone
		{676C9E64-8E59-4BD0-B5DE-DB592605585E}.Release|iPhoneSimulator.ActiveCfg = Release|iPhoneSimulator
		{676C9E64-8E59-4BD0-B5DE-DB592605585E}.Release|iPhoneSimulator.Build.0 = Release|iPhoneSimulator
		{676C9E64-8E59-4BD0-B5DE-DB592605585E}.Release|x64.ActiveCfg = Release|iPhoneSimulator
		{676C9E64-8E59-4BD0-B5DE-DB592605585E}.Release|x64.Build.0 = Release|iPhoneSimulator
		{676C9E64-8E59-4BD0-B5DE-DB592605585E}.Release|x86.ActiveCfg = Release|iPhoneSimulator
		{676C9E64-8E59-4BD0-B5DE-DB592605585E}.Release|x86.Build.0 = Release|iPhoneSimulator
		{228B86F5-8A1C-4D47-833C-325874F73C60}.Ad-Hoc|Any CPU.ActiveCfg = Debug|Any CPU
		{228B86F5-8A1C-4D47-833C-325874F73C60}.Ad-Hoc|Any CPU.Build.0 = Debug|Any CPU
		{228B86F5-8A1C-4D47-833C-325874F73C60}.Ad-Hoc|Any CPU.Deploy.0 = Debug|Any CPU
		{228B86F5-8A1C-4D47-833C-325874F73C60}.Ad-Hoc|ARM.ActiveCfg = Debug|Any CPU
		{228B86F5-8A1C-4D47-833C-325874F73C60}.Ad-Hoc|ARM.Build.0 = Debug|Any CPU
		{228B86F5-8A1C-4D47-833C-325874F73C60}.Ad-Hoc|ARM.Deploy.0 = Debug|Any CPU
		{228B86F5-8A1C-4D47-833C-325874F73C60}.Ad-Hoc|ARM64.ActiveCfg = Debug|Any CPU
		{228B86F5-8A1C-4D47-833C-325874F73C60}.Ad-Hoc|ARM64.Build.0 = Debug|Any CPU
		{228B86F5-8A1C-4D47-833C-325874F73C60}.Ad-Hoc|ARM64.Deploy.0 = Debug|Any CPU
		{228B86F5-8A1C-4D47-833C-325874F73C60}.Ad-Hoc|iPhone.ActiveCfg = Debug|Any CPU
		{228B86F5-8A1C-4D47-833C-325874F73C60}.Ad-Hoc|iPhone.Build.0 = Debug|Any CPU
		{228B86F5-8A1C-4D47-833C-325874F73C60}.Ad-Hoc|iPhone.Deploy.0 = Debug|Any CPU
		{228B86F5-8A1C-4D47-833C-325874F73C60}.Ad-Hoc|iPhoneSimulator.ActiveCfg = Debug|Any CPU
		{228B86F5-8A1C-4D47-833C-325874F73C60}.Ad-Hoc|iPhoneSimulator.Build.0 = Debug|Any CPU
		{228B86F5-8A1C-4D47-833C-325874F73C60}.Ad-Hoc|iPhoneSimulator.Deploy.0 = Debug|Any CPU
		{228B86F5-8A1C-4D47-833C-325874F73C60}.Ad-Hoc|x64.ActiveCfg = Debug|Any CPU
		{228B86F5-8A1C-4D47-833C-325874F73C60}.Ad-Hoc|x64.Build.0 = Debug|Any CPU
		{228B86F5-8A1C-4D47-833C-325874F73C60}.Ad-Hoc|x64.Deploy.0 = Debug|Any CPU
		{228B86F5-8A1C-4D47-833C-325874F73C60}.Ad-Hoc|x86.ActiveCfg = Debug|Any CPU
		{228B86F5-8A1C-4D47-833C-325874F73C60}.Ad-Hoc|x86.Build.0 = Debug|Any CPU
		{228B86F5-8A1C-4D47-833C-325874F73C60}.Ad-Hoc|x86.Deploy.0 = Debug|Any CPU
		{228B86F5-8A1C-4D47-833C-325874F73C60}.AppStore|Any CPU.ActiveCfg = Debug|Any CPU
		{228B86F5-8A1C-4D47-833C-325874F73C60}.AppStore|Any CPU.Build.0 = Debug|Any CPU
		{228B86F5-8A1C-4D47-833C-325874F73C60}.AppStore|Any CPU.Deploy.0 = Debug|Any CPU
		{228B86F5-8A1C-4D47-833C-325874F73C60}.AppStore|ARM.ActiveCfg = Debug|Any CPU
		{228B86F5-8A1C-4D47-833C-325874F73C60}.AppStore|ARM.Build.0 = Debug|Any CPU
		{228B86F5-8A1C-4D47-833C-325874F73C60}.AppStore|ARM.Deploy.0 = Debug|Any CPU
		{228B86F5-8A1C-4D47-833C-325874F73C60}.AppStore|ARM64.ActiveCfg = Debug|Any CPU
		{228B86F5-8A1C-4D47-833C-325874F73C60}.AppStore|ARM64.Build.0 = Debug|Any CPU
		{228B86F5-8A1C-4D47-833C-325874F73C60}.AppStore|ARM64.Deploy.0 = Debug|Any CPU
		{228B86F5-8A1C-4D47-833C-325874F73C60}.AppStore|iPhone.ActiveCfg = Debug|Any CPU
		{228B86F5-8A1C-4D47-833C-325874F73C60}.AppStore|iPhone.Build.0 = Debug|Any CPU
		{228B86F5-8A1C-4D47-833C-325874F73C60}.AppStore|iPhone.Deploy.0 = Debug|Any CPU
		{228B86F5-8A1C-4D47-833C-325874F73C60}.AppStore|iPhoneSimulator.ActiveCfg = Debug|Any CPU
		{228B86F5-8A1C-4D47-833C-325874F73C60}.AppStore|iPhoneSimulator.Build.0 = Debug|Any CPU
		{228B86F5-8A1C-4D47-833C-325874F73C60}.AppStore|iPhoneSimulator.Deploy.0 = Debug|Any CPU
		{228B86F5-8A1C-4D47-833C-325874F73C60}.AppStore|x64.ActiveCfg = Debug|Any CPU
		{228B86F5-8A1C-4D47-833C-325874F73C60}.AppStore|x64.Build.0 = Debug|Any CPU
		{228B86F5-8A1C-4D47-833C-325874F73C60}.AppStore|x64.Deploy.0 = Debug|Any CPU
		{228B86F5-8A1C-4D47-833C-325874F73C60}.AppStore|x86.ActiveCfg = Debug|Any CPU
		{228B86F5-8A1C-4D47-833C-325874F73C60}.AppStore|x86.Build.0 = Debug|Any CPU
		{228B86F5-8A1C-4D47-833C-325874F73C60}.AppStore|x86.Deploy.0 = Debug|Any CPU
		{228B86F5-8A1C-4D47-833C-325874F73C60}.Debug|Any CPU.ActiveCfg = Debug|Any CPU
		{228B86F5-8A1C-4D47-833C-325874F73C60}.Debug|Any CPU.Build.0 = Debug|Any CPU
		{228B86F5-8A1C-4D47-833C-325874F73C60}.Debug|Any CPU.Deploy.0 = Debug|Any CPU
		{228B86F5-8A1C-4D47-833C-325874F73C60}.Debug|ARM.ActiveCfg = Debug|Any CPU
		{228B86F5-8A1C-4D47-833C-325874F73C60}.Debug|ARM.Build.0 = Debug|Any CPU
		{228B86F5-8A1C-4D47-833C-325874F73C60}.Debug|ARM.Deploy.0 = Debug|Any CPU
		{228B86F5-8A1C-4D47-833C-325874F73C60}.Debug|ARM64.ActiveCfg = Debug|Any CPU
		{228B86F5-8A1C-4D47-833C-325874F73C60}.Debug|ARM64.Build.0 = Debug|Any CPU
		{228B86F5-8A1C-4D47-833C-325874F73C60}.Debug|ARM64.Deploy.0 = Debug|Any CPU
		{228B86F5-8A1C-4D47-833C-325874F73C60}.Debug|iPhone.ActiveCfg = Debug|Any CPU
		{228B86F5-8A1C-4D47-833C-325874F73C60}.Debug|iPhone.Build.0 = Debug|Any CPU
		{228B86F5-8A1C-4D47-833C-325874F73C60}.Debug|iPhone.Deploy.0 = Debug|Any CPU
		{228B86F5-8A1C-4D47-833C-325874F73C60}.Debug|iPhoneSimulator.ActiveCfg = Debug|Any CPU
		{228B86F5-8A1C-4D47-833C-325874F73C60}.Debug|iPhoneSimulator.Build.0 = Debug|Any CPU
		{228B86F5-8A1C-4D47-833C-325874F73C60}.Debug|iPhoneSimulator.Deploy.0 = Debug|Any CPU
		{228B86F5-8A1C-4D47-833C-325874F73C60}.Debug|x64.ActiveCfg = Debug|Any CPU
		{228B86F5-8A1C-4D47-833C-325874F73C60}.Debug|x64.Build.0 = Debug|Any CPU
		{228B86F5-8A1C-4D47-833C-325874F73C60}.Debug|x64.Deploy.0 = Debug|Any CPU
		{228B86F5-8A1C-4D47-833C-325874F73C60}.Debug|x86.ActiveCfg = Debug|Any CPU
		{228B86F5-8A1C-4D47-833C-325874F73C60}.Debug|x86.Build.0 = Debug|Any CPU
		{228B86F5-8A1C-4D47-833C-325874F73C60}.Debug|x86.Deploy.0 = Debug|Any CPU
		{228B86F5-8A1C-4D47-833C-325874F73C60}.Release|Any CPU.ActiveCfg = Release|Any CPU
		{228B86F5-8A1C-4D47-833C-325874F73C60}.Release|Any CPU.Build.0 = Release|Any CPU
		{228B86F5-8A1C-4D47-833C-325874F73C60}.Release|Any CPU.Deploy.0 = Release|Any CPU
		{228B86F5-8A1C-4D47-833C-325874F73C60}.Release|ARM.ActiveCfg = Release|Any CPU
		{228B86F5-8A1C-4D47-833C-325874F73C60}.Release|ARM.Build.0 = Release|Any CPU
		{228B86F5-8A1C-4D47-833C-325874F73C60}.Release|ARM.Deploy.0 = Release|Any CPU
		{228B86F5-8A1C-4D47-833C-325874F73C60}.Release|ARM64.ActiveCfg = Release|Any CPU
		{228B86F5-8A1C-4D47-833C-325874F73C60}.Release|ARM64.Build.0 = Release|Any CPU
		{228B86F5-8A1C-4D47-833C-325874F73C60}.Release|ARM64.Deploy.0 = Release|Any CPU
		{228B86F5-8A1C-4D47-833C-325874F73C60}.Release|iPhone.ActiveCfg = Release|Any CPU
		{228B86F5-8A1C-4D47-833C-325874F73C60}.Release|iPhone.Build.0 = Release|Any CPU
		{228B86F5-8A1C-4D47-833C-325874F73C60}.Release|iPhone.Deploy.0 = Release|Any CPU
		{228B86F5-8A1C-4D47-833C-325874F73C60}.Release|iPhoneSimulator.ActiveCfg = Release|Any CPU
		{228B86F5-8A1C-4D47-833C-325874F73C60}.Release|iPhoneSimulator.Build.0 = Release|Any CPU
		{228B86F5-8A1C-4D47-833C-325874F73C60}.Release|iPhoneSimulator.Deploy.0 = Release|Any CPU
		{228B86F5-8A1C-4D47-833C-325874F73C60}.Release|x64.ActiveCfg = Release|Any CPU
		{228B86F5-8A1C-4D47-833C-325874F73C60}.Release|x64.Build.0 = Release|Any CPU
		{228B86F5-8A1C-4D47-833C-325874F73C60}.Release|x64.Deploy.0 = Release|Any CPU
		{228B86F5-8A1C-4D47-833C-325874F73C60}.Release|x86.ActiveCfg = Release|Any CPU
		{228B86F5-8A1C-4D47-833C-325874F73C60}.Release|x86.Build.0 = Release|Any CPU
		{228B86F5-8A1C-4D47-833C-325874F73C60}.Release|x86.Deploy.0 = Release|Any CPU
		{87BA3456-8CBA-4A73-B7BE-4D827583A8A6}.Ad-Hoc|Any CPU.ActiveCfg = Debug|ARM
		{87BA3456-8CBA-4A73-B7BE-4D827583A8A6}.Ad-Hoc|Any CPU.Build.0 = Debug|ARM
		{87BA3456-8CBA-4A73-B7BE-4D827583A8A6}.Ad-Hoc|Any CPU.Deploy.0 = Debug|ARM
		{87BA3456-8CBA-4A73-B7BE-4D827583A8A6}.Ad-Hoc|ARM.ActiveCfg = Debug|ARM
		{87BA3456-8CBA-4A73-B7BE-4D827583A8A6}.Ad-Hoc|ARM.Build.0 = Debug|ARM
		{87BA3456-8CBA-4A73-B7BE-4D827583A8A6}.Ad-Hoc|ARM.Deploy.0 = Debug|ARM
		{87BA3456-8CBA-4A73-B7BE-4D827583A8A6}.Ad-Hoc|ARM64.ActiveCfg = Debug|ARM64
		{87BA3456-8CBA-4A73-B7BE-4D827583A8A6}.Ad-Hoc|ARM64.Build.0 = Debug|ARM64
		{87BA3456-8CBA-4A73-B7BE-4D827583A8A6}.Ad-Hoc|ARM64.Deploy.0 = Debug|ARM64
		{87BA3456-8CBA-4A73-B7BE-4D827583A8A6}.Ad-Hoc|iPhone.ActiveCfg = Debug|ARM
		{87BA3456-8CBA-4A73-B7BE-4D827583A8A6}.Ad-Hoc|iPhone.Build.0 = Debug|ARM
		{87BA3456-8CBA-4A73-B7BE-4D827583A8A6}.Ad-Hoc|iPhone.Deploy.0 = Debug|ARM
		{87BA3456-8CBA-4A73-B7BE-4D827583A8A6}.Ad-Hoc|iPhoneSimulator.ActiveCfg = Debug|ARM
		{87BA3456-8CBA-4A73-B7BE-4D827583A8A6}.Ad-Hoc|iPhoneSimulator.Build.0 = Debug|ARM
		{87BA3456-8CBA-4A73-B7BE-4D827583A8A6}.Ad-Hoc|iPhoneSimulator.Deploy.0 = Debug|ARM
		{87BA3456-8CBA-4A73-B7BE-4D827583A8A6}.Ad-Hoc|x64.ActiveCfg = Debug|x64
		{87BA3456-8CBA-4A73-B7BE-4D827583A8A6}.Ad-Hoc|x64.Build.0 = Debug|x64
		{87BA3456-8CBA-4A73-B7BE-4D827583A8A6}.Ad-Hoc|x64.Deploy.0 = Debug|x64
		{87BA3456-8CBA-4A73-B7BE-4D827583A8A6}.Ad-Hoc|x86.ActiveCfg = Debug|x86
		{87BA3456-8CBA-4A73-B7BE-4D827583A8A6}.Ad-Hoc|x86.Build.0 = Debug|x86
		{87BA3456-8CBA-4A73-B7BE-4D827583A8A6}.Ad-Hoc|x86.Deploy.0 = Debug|x86
		{87BA3456-8CBA-4A73-B7BE-4D827583A8A6}.AppStore|Any CPU.ActiveCfg = Debug|ARM
		{87BA3456-8CBA-4A73-B7BE-4D827583A8A6}.AppStore|Any CPU.Build.0 = Debug|ARM
		{87BA3456-8CBA-4A73-B7BE-4D827583A8A6}.AppStore|Any CPU.Deploy.0 = Debug|ARM
		{87BA3456-8CBA-4A73-B7BE-4D827583A8A6}.AppStore|ARM.ActiveCfg = Debug|ARM
		{87BA3456-8CBA-4A73-B7BE-4D827583A8A6}.AppStore|ARM.Build.0 = Debug|ARM
		{87BA3456-8CBA-4A73-B7BE-4D827583A8A6}.AppStore|ARM.Deploy.0 = Debug|ARM
		{87BA3456-8CBA-4A73-B7BE-4D827583A8A6}.AppStore|ARM64.ActiveCfg = Debug|ARM64
		{87BA3456-8CBA-4A73-B7BE-4D827583A8A6}.AppStore|ARM64.Build.0 = Debug|ARM64
		{87BA3456-8CBA-4A73-B7BE-4D827583A8A6}.AppStore|ARM64.Deploy.0 = Debug|ARM64
		{87BA3456-8CBA-4A73-B7BE-4D827583A8A6}.AppStore|iPhone.ActiveCfg = Debug|ARM
		{87BA3456-8CBA-4A73-B7BE-4D827583A8A6}.AppStore|iPhone.Build.0 = Debug|ARM
		{87BA3456-8CBA-4A73-B7BE-4D827583A8A6}.AppStore|iPhone.Deploy.0 = Debug|ARM
		{87BA3456-8CBA-4A73-B7BE-4D827583A8A6}.AppStore|iPhoneSimulator.ActiveCfg = Debug|ARM
		{87BA3456-8CBA-4A73-B7BE-4D827583A8A6}.AppStore|iPhoneSimulator.Build.0 = Debug|ARM
		{87BA3456-8CBA-4A73-B7BE-4D827583A8A6}.AppStore|iPhoneSimulator.Deploy.0 = Debug|ARM
		{87BA3456-8CBA-4A73-B7BE-4D827583A8A6}.AppStore|x64.ActiveCfg = Debug|x64
		{87BA3456-8CBA-4A73-B7BE-4D827583A8A6}.AppStore|x64.Build.0 = Debug|x64
		{87BA3456-8CBA-4A73-B7BE-4D827583A8A6}.AppStore|x64.Deploy.0 = Debug|x64
		{87BA3456-8CBA-4A73-B7BE-4D827583A8A6}.AppStore|x86.ActiveCfg = Debug|x86
		{87BA3456-8CBA-4A73-B7BE-4D827583A8A6}.AppStore|x86.Build.0 = Debug|x86
		{87BA3456-8CBA-4A73-B7BE-4D827583A8A6}.AppStore|x86.Deploy.0 = Debug|x86
		{87BA3456-8CBA-4A73-B7BE-4D827583A8A6}.Debug|Any CPU.ActiveCfg = Debug|x64
		{87BA3456-8CBA-4A73-B7BE-4D827583A8A6}.Debug|Any CPU.Build.0 = Debug|x64
		{87BA3456-8CBA-4A73-B7BE-4D827583A8A6}.Debug|Any CPU.Deploy.0 = Debug|x64
		{87BA3456-8CBA-4A73-B7BE-4D827583A8A6}.Debug|ARM.ActiveCfg = Debug|ARM
		{87BA3456-8CBA-4A73-B7BE-4D827583A8A6}.Debug|ARM.Build.0 = Debug|ARM
		{87BA3456-8CBA-4A73-B7BE-4D827583A8A6}.Debug|ARM.Deploy.0 = Debug|ARM
		{87BA3456-8CBA-4A73-B7BE-4D827583A8A6}.Debug|ARM64.ActiveCfg = Debug|ARM64
		{87BA3456-8CBA-4A73-B7BE-4D827583A8A6}.Debug|ARM64.Build.0 = Debug|ARM64
		{87BA3456-8CBA-4A73-B7BE-4D827583A8A6}.Debug|ARM64.Deploy.0 = Debug|ARM64
		{87BA3456-8CBA-4A73-B7BE-4D827583A8A6}.Debug|iPhone.ActiveCfg = Debug|x64
		{87BA3456-8CBA-4A73-B7BE-4D827583A8A6}.Debug|iPhone.Build.0 = Debug|x64
		{87BA3456-8CBA-4A73-B7BE-4D827583A8A6}.Debug|iPhone.Deploy.0 = Debug|x64
		{87BA3456-8CBA-4A73-B7BE-4D827583A8A6}.Debug|iPhoneSimulator.ActiveCfg = Debug|x64
		{87BA3456-8CBA-4A73-B7BE-4D827583A8A6}.Debug|iPhoneSimulator.Build.0 = Debug|x64
		{87BA3456-8CBA-4A73-B7BE-4D827583A8A6}.Debug|iPhoneSimulator.Deploy.0 = Debug|x64
		{87BA3456-8CBA-4A73-B7BE-4D827583A8A6}.Debug|x64.ActiveCfg = Debug|x64
		{87BA3456-8CBA-4A73-B7BE-4D827583A8A6}.Debug|x64.Build.0 = Debug|x64
		{87BA3456-8CBA-4A73-B7BE-4D827583A8A6}.Debug|x64.Deploy.0 = Debug|x64
		{87BA3456-8CBA-4A73-B7BE-4D827583A8A6}.Debug|x86.ActiveCfg = Debug|x86
		{87BA3456-8CBA-4A73-B7BE-4D827583A8A6}.Debug|x86.Build.0 = Debug|x86
		{87BA3456-8CBA-4A73-B7BE-4D827583A8A6}.Debug|x86.Deploy.0 = Debug|x86
		{87BA3456-8CBA-4A73-B7BE-4D827583A8A6}.Release|Any CPU.ActiveCfg = Release|x64
		{87BA3456-8CBA-4A73-B7BE-4D827583A8A6}.Release|Any CPU.Build.0 = Release|x64
		{87BA3456-8CBA-4A73-B7BE-4D827583A8A6}.Release|Any CPU.Deploy.0 = Release|x64
		{87BA3456-8CBA-4A73-B7BE-4D827583A8A6}.Release|ARM.ActiveCfg = Release|ARM
		{87BA3456-8CBA-4A73-B7BE-4D827583A8A6}.Release|ARM.Build.0 = Release|ARM
		{87BA3456-8CBA-4A73-B7BE-4D827583A8A6}.Release|ARM.Deploy.0 = Release|ARM
		{87BA3456-8CBA-4A73-B7BE-4D827583A8A6}.Release|ARM64.ActiveCfg = Release|ARM64
		{87BA3456-8CBA-4A73-B7BE-4D827583A8A6}.Release|ARM64.Build.0 = Release|ARM64
		{87BA3456-8CBA-4A73-B7BE-4D827583A8A6}.Release|ARM64.Deploy.0 = Release|ARM64
		{87BA3456-8CBA-4A73-B7BE-4D827583A8A6}.Release|iPhone.ActiveCfg = Release|x64
		{87BA3456-8CBA-4A73-B7BE-4D827583A8A6}.Release|iPhone.Build.0 = Release|x64
		{87BA3456-8CBA-4A73-B7BE-4D827583A8A6}.Release|iPhone.Deploy.0 = Release|x64
		{87BA3456-8CBA-4A73-B7BE-4D827583A8A6}.Release|iPhoneSimulator.ActiveCfg = Release|x64
		{87BA3456-8CBA-4A73-B7BE-4D827583A8A6}.Release|iPhoneSimulator.Build.0 = Release|x64
		{87BA3456-8CBA-4A73-B7BE-4D827583A8A6}.Release|iPhoneSimulator.Deploy.0 = Release|x64
		{87BA3456-8CBA-4A73-B7BE-4D827583A8A6}.Release|x64.ActiveCfg = Release|x64
		{87BA3456-8CBA-4A73-B7BE-4D827583A8A6}.Release|x64.Build.0 = Release|x64
		{87BA3456-8CBA-4A73-B7BE-4D827583A8A6}.Release|x64.Deploy.0 = Release|x64
		{87BA3456-8CBA-4A73-B7BE-4D827583A8A6}.Release|x86.ActiveCfg = Release|x86
		{87BA3456-8CBA-4A73-B7BE-4D827583A8A6}.Release|x86.Build.0 = Release|x86
		{87BA3456-8CBA-4A73-B7BE-4D827583A8A6}.Release|x86.Deploy.0 = Release|x86
	EndGlobalSection
	GlobalSection(SolutionProperties) = preSolution
		HideSolutionNode = FALSE
	EndGlobalSection
	GlobalSection(ExtensibilityGlobals) = postSolution
		SolutionGuid = {9C0EAC6B-17FB-438C-B8A2-21762C0C9EE7}
	EndGlobalSection
EndGlobal
